
Microsoft Visual Studio Solution File, Format Version 12.00
# Visual Studio Version 17
VisualStudioVersion = 17.7.34009.444
MinimumVisualStudioVersion = 10.0.40219.1
Project("{FAE04EC0-301F-11D3-BF4B-00C04F79EFBC}") = "Whilestatementassignment1", "Whilestatementassignment1\Whilestatementassignment1.csproj", "{27FD3D47-7BC4-4A0D-8FCD-552399AC5A91}"
EndProject
Global
	GlobalSection(SolutionConfigurationPlatforms) = preSolution
		Debug|Any CPU = Debug|Any CPU
		Release|Any CPU = Release|Any CPU
	EndGlobalSection
	GlobalSection(ProjectConfigurationPlatforms) = postSolution
		{27FD3D47-7BC4-4A0D-8FCD-552399AC5A91}.Debug|Any CPU.ActiveCfg = Debug|Any CPU
		{27FD3D47-7BC4-4A0D-8FCD-552399AC5A91}.Debug|Any CPU.Build.0 = Debug|Any CPU
		{27FD3D47-7BC4-4A0D-8FCD-552399AC5A91}.Release|Any CPU.ActiveCfg = Release|Any CPU
		{27FD3D47-7BC4-4A0D-8FCD-552399AC5A91}.Release|Any CPU.Build.0 = Release|Any CPU
	EndGlobalSection
	GlobalSection(SolutionProperties) = preSolution
		HideSolutionNode = FALSE
	EndGlobalSection
	GlobalSection(ExtensibilityGlobals) = postSolution
		SolutionGuid = {D69C5191-1025-4A9E-83AA-5B78C217D316}
	EndGlobalSection
EndGlobal
